// !$*UTF8*$!
{
	archiveVersion = 1;
	classes = {
	};
	objectVersion = 50;
	objects = {

/* Begin PBXBuildFile section */
		55A7537625B6268900B9EAF5 /* AppDelegate.swift in Sources */ = {isa = PBXBuildFile; fileRef = 55A7537525B6268900B9EAF5 /* AppDelegate.swift */; };
		55A7537825B6268900B9EAF5 /* SceneDelegate.swift in Sources */ = {isa = PBXBuildFile; fileRef = 55A7537725B6268900B9EAF5 /* SceneDelegate.swift */; };
		55A7537D25B6268900B9EAF5 /* Main.storyboard in Resources */ = {isa = PBXBuildFile; fileRef = 55A7537B25B6268900B9EAF5 /* Main.storyboard */; };
		55A7537F25B6268C00B9EAF5 /* Assets.xcassets in Resources */ = {isa = PBXBuildFile; fileRef = 55A7537E25B6268C00B9EAF5 /* Assets.xcassets */; };
		55A7538225B6268C00B9EAF5 /* LaunchScreen.storyboard in Resources */ = {isa = PBXBuildFile; fileRef = 55A7538025B6268C00B9EAF5 /* LaunchScreen.storyboard */; };
		55A7538C25B6273D00B9EAF5 /* CitiesTableViewController.swift in Sources */ = {isa = PBXBuildFile; fileRef = 55A7538B25B6273D00B9EAF5 /* CitiesTableViewController.swift */; };
		55A7538F25B627A600B9EAF5 /* Storage.swift in Sources */ = {isa = PBXBuildFile; fileRef = 55A7538E25B627A600B9EAF5 /* Storage.swift */; };
		55A7539325B6307300B9EAF5 /* CityTableViewCell.swift in Sources */ = {isa = PBXBuildFile; fileRef = 55A7539225B6307300B9EAF5 /* CityTableViewCell.swift */; };
		55A7539B25B6382D00B9EAF5 /* NetworkManager.swift in Sources */ = {isa = PBXBuildFile; fileRef = 55A7539A25B6382D00B9EAF5 /* NetworkManager.swift */; };
		55A7539E25B6384A00B9EAF5 /* Constants.swift in Sources */ = {isa = PBXBuildFile; fileRef = 55A7539D25B6384A00B9EAF5 /* Constants.swift */; };
		55A753A425B63D9400B9EAF5 /* CityTableWeather.swift in Sources */ = {isa = PBXBuildFile; fileRef = 55A753A325B63D9400B9EAF5 /* CityTableWeather.swift */; };
		55A753A725B63DBE00B9EAF5 /* CurrentWeatherData.swift in Sources */ = {isa = PBXBuildFile; fileRef = 55A753A625B63DBE00B9EAF5 /* CurrentWeatherData.swift */; };
		55A753AB25B6EE2100B9EAF5 /* DataLoadingVC.swift in Sources */ = {isa = PBXBuildFile; fileRef = 55A753AA25B6EE2100B9EAF5 /* DataLoadingVC.swift */; };
		55A753BB25B7933D00B9EAF5 /* FourDayForecastData.swift in Sources */ = {isa = PBXBuildFile; fileRef = 55A753BA25B7933D00B9EAF5 /* FourDayForecastData.swift */; };
		55A753C025B7957100B9EAF5 /* FourDayForecast.swift in Sources */ = {isa = PBXBuildFile; fileRef = 55A753BF25B7957100B9EAF5 /* FourDayForecast.swift */; };
		55A753C325B797DB00B9EAF5 /* DetailedWeatherViewController.swift in Sources */ = {isa = PBXBuildFile; fileRef = 55A753C225B797DB00B9EAF5 /* DetailedWeatherViewController.swift */; };
/* End PBXBuildFile section */

/* Begin PBXFileReference section */
		55A7537225B6268900B9EAF5 /* Weather.app */ = {isa = PBXFileReference; explicitFileType = wrapper.application; includeInIndex = 0; path = Weather.app; sourceTree = BUILT_PRODUCTS_DIR; };
		55A7537525B6268900B9EAF5 /* AppDelegate.swift */ = {isa = PBXFileReference; lastKnownFileType = sourcecode.swift; path = AppDelegate.swift; sourceTree = "<group>"; };
		55A7537725B6268900B9EAF5 /* SceneDelegate.swift */ = {isa = PBXFileReference; lastKnownFileType = sourcecode.swift; path = SceneDelegate.swift; sourceTree = "<group>"; };
		55A7537C25B6268900B9EAF5 /* Base */ = {isa = PBXFileReference; lastKnownFileType = file.storyboard; name = Base; path = Base.lproj/Main.storyboard; sourceTree = "<group>"; };
		55A7537E25B6268C00B9EAF5 /* Assets.xcassets */ = {isa = PBXFileReference; lastKnownFileType = folder.assetcatalog; path = Assets.xcassets; sourceTree = "<group>"; };
		55A7538125B6268C00B9EAF5 /* Base */ = {isa = PBXFileReference; lastKnownFileType = file.storyboard; name = Base; path = Base.lproj/LaunchScreen.storyboard; sourceTree = "<group>"; };
		55A7538325B6268C00B9EAF5 /* Info.plist */ = {isa = PBXFileReference; lastKnownFileType = text.plist.xml; path = Info.plist; sourceTree = "<group>"; };
		55A7538B25B6273D00B9EAF5 /* CitiesTableViewController.swift */ = {isa = PBXFileReference; lastKnownFileType = sourcecode.swift; path = CitiesTableViewController.swift; sourceTree = "<group>"; };
		55A7538E25B627A600B9EAF5 /* Storage.swift */ = {isa = PBXFileReference; lastKnownFileType = sourcecode.swift; path = Storage.swift; sourceTree = "<group>"; };
		55A7539225B6307300B9EAF5 /* CityTableViewCell.swift */ = {isa = PBXFileReference; lastKnownFileType = sourcecode.swift; path = CityTableViewCell.swift; sourceTree = "<group>"; };
		55A7539A25B6382D00B9EAF5 /* NetworkManager.swift */ = {isa = PBXFileReference; lastKnownFileType = sourcecode.swift; path = NetworkManager.swift; sourceTree = "<group>"; };
		55A7539D25B6384A00B9EAF5 /* Constants.swift */ = {isa = PBXFileReference; lastKnownFileType = sourcecode.swift; path = Constants.swift; sourceTree = "<group>"; };
		55A753A325B63D9400B9EAF5 /* CityTableWeather.swift */ = {isa = PBXFileReference; lastKnownFileType = sourcecode.swift; path = CityTableWeather.swift; sourceTree = "<group>"; };
		55A753A625B63DBE00B9EAF5 /* CurrentWeatherData.swift */ = {isa = PBXFileReference; lastKnownFileType = sourcecode.swift; path = CurrentWeatherData.swift; sourceTree = "<group>"; };
		55A753AA25B6EE2100B9EAF5 /* DataLoadingVC.swift */ = {isa = PBXFileReference; lastKnownFileType = sourcecode.swift; path = DataLoadingVC.swift; sourceTree = "<group>"; };
		55A753BA25B7933D00B9EAF5 /* FourDayForecastData.swift */ = {isa = PBXFileReference; lastKnownFileType = sourcecode.swift; path = FourDayForecastData.swift; sourceTree = "<group>"; };
		55A753BF25B7957100B9EAF5 /* FourDayForecast.swift */ = {isa = PBXFileReference; lastKnownFileType = sourcecode.swift; path = FourDayForecast.swift; sourceTree = "<group>"; };
		55A753C225B797DB00B9EAF5 /* DetailedWeatherViewController.swift */ = {isa = PBXFileReference; lastKnownFileType = sourcecode.swift; path = DetailedWeatherViewController.swift; sourceTree = "<group>"; };
/* End PBXFileReference section */

/* Begin PBXFrameworksBuildPhase section */
		55A7536F25B6268900B9EAF5 /* Frameworks */ = {
			isa = PBXFrameworksBuildPhase;
			buildActionMask = 2147483647;
			files = (
			);
			runOnlyForDeploymentPostprocessing = 0;
		};
/* End PBXFrameworksBuildPhase section */

/* Begin PBXGroup section */
		55A7536925B6268900B9EAF5 = {
			isa = PBXGroup;
			children = (
				55A7537425B6268900B9EAF5 /* Weather */,
				55A7537325B6268900B9EAF5 /* Products */,
			);
			sourceTree = "<group>";
		};
		55A7537325B6268900B9EAF5 /* Products */ = {
			isa = PBXGroup;
			children = (
				55A7537225B6268900B9EAF5 /* Weather.app */,
			);
			name = Products;
			sourceTree = "<group>";
		};
		55A7537425B6268900B9EAF5 /* Weather */ = {
			isa = PBXGroup;
			children = (
				55A753B825B78BB600B9EAF5 /* Screens */,
				55A753B625B78B9200B9EAF5 /* Model */,
				55A753B525B78B7000B9EAF5 /* Managers */,
				55A753B425B78B4D00B9EAF5 /* Support */,
				55A753B025B6FB7600B9EAF5 /* Extensions */,
				55A753A925B6EE0600B9EAF5 /* Custom Views */,
				55A7537B25B6268900B9EAF5 /* Main.storyboard */,
				55A7538025B6268C00B9EAF5 /* LaunchScreen.storyboard */,
				55A7538325B6268C00B9EAF5 /* Info.plist */,
				55A7539D25B6384A00B9EAF5 /* Constants.swift */,
			);
			path = Weather;
			sourceTree = "<group>";
		};
		55A753A925B6EE0600B9EAF5 /* Custom Views */ = {
			isa = PBXGroup;
			children = (
				55A753AA25B6EE2100B9EAF5 /* DataLoadingVC.swift */,
				55A7539225B6307300B9EAF5 /* CityTableViewCell.swift */,
			);
			path = "Custom Views";
			sourceTree = "<group>";
		};
		55A753B025B6FB7600B9EAF5 /* Extensions */ = {
			isa = PBXGroup;
			children = (
			);
			name = Extensions;
			sourceTree = "<group>";
		};
		55A753B425B78B4D00B9EAF5 /* Support */ = {
			isa = PBXGroup;
			children = (
				55A7537525B6268900B9EAF5 /* AppDelegate.swift */,
				55A7537725B6268900B9EAF5 /* SceneDelegate.swift */,
				55A7537E25B6268C00B9EAF5 /* Assets.xcassets */,
			);
			path = Support;
			sourceTree = "<group>";
		};
		55A753B525B78B7000B9EAF5 /* Managers */ = {
			isa = PBXGroup;
			children = (
				55A7538E25B627A600B9EAF5 /* Storage.swift */,
				55A7539A25B6382D00B9EAF5 /* NetworkManager.swift */,
			);
			path = Managers;
			sourceTree = "<group>";
		};
		55A753B625B78B9200B9EAF5 /* Model */ = {
			isa = PBXGroup;
			children = (
				55A753A625B63DBE00B9EAF5 /* CurrentWeatherData.swift */,
				55A753A325B63D9400B9EAF5 /* CityTableWeather.swift */,
				55A753BA25B7933D00B9EAF5 /* FourDayForecastData.swift */,
				55A753BF25B7957100B9EAF5 /* FourDayForecast.swift */,
			);
			path = Model;
			sourceTree = "<group>";
		};
		55A753B825B78BB600B9EAF5 /* Screens */ = {
			isa = PBXGroup;
			children = (
				55A7538B25B6273D00B9EAF5 /* CitiesTableViewController.swift */,
				55A753C225B797DB00B9EAF5 /* DetailedWeatherViewController.swift */,
			);
			path = Screens;
			sourceTree = "<group>";
		};
/* End PBXGroup section */

/* Begin PBXNativeTarget section */
		55A7537125B6268900B9EAF5 /* Weather */ = {
			isa = PBXNativeTarget;
			buildConfigurationList = 55A7538625B6268C00B9EAF5 /* Build configuration list for PBXNativeTarget "Weather" */;
			buildPhases = (
				55A7536E25B6268900B9EAF5 /* Sources */,
				55A7536F25B6268900B9EAF5 /* Frameworks */,
				55A7537025B6268900B9EAF5 /* Resources */,
			);
			buildRules = (
			);
			dependencies = (
			);
			name = Weather;
			productName = Weather;
			productReference = 55A7537225B6268900B9EAF5 /* Weather.app */;
			productType = "com.apple.product-type.application";
		};
/* End PBXNativeTarget section */

/* Begin PBXProject section */
		55A7536A25B6268900B9EAF5 /* Project object */ = {
			isa = PBXProject;
			attributes = {
				LastSwiftUpdateCheck = 1230;
				LastUpgradeCheck = 1230;
				TargetAttributes = {
					55A7537125B6268900B9EAF5 = {
						CreatedOnToolsVersion = 12.3;
					};
				};
			};
			buildConfigurationList = 55A7536D25B6268900B9EAF5 /* Build configuration list for PBXProject "Weather" */;
			compatibilityVersion = "Xcode 9.3";
			developmentRegion = en;
			hasScannedForEncodings = 0;
			knownRegions = (
				en,
				Base,
			);
			mainGroup = 55A7536925B6268900B9EAF5;
			productRefGroup = 55A7537325B6268900B9EAF5 /* Products */;
			projectDirPath = "";
			projectRoot = "";
			targets = (
				55A7537125B6268900B9EAF5 /* Weather */,
			);
		};
/* End PBXProject section */

/* Begin PBXResourcesBuildPhase section */
		55A7537025B6268900B9EAF5 /* Resources */ = {
			isa = PBXResourcesBuildPhase;
			buildActionMask = 2147483647;
			files = (
				55A7538225B6268C00B9EAF5 /* LaunchScreen.storyboard in Resources */,
				55A7537F25B6268C00B9EAF5 /* Assets.xcassets in Resources */,
				55A7537D25B6268900B9EAF5 /* Main.storyboard in Resources */,
			);
			runOnlyForDeploymentPostprocessing = 0;
		};
/* End PBXResourcesBuildPhase section */

/* Begin PBXSourcesBuildPhase section */
		55A7536E25B6268900B9EAF5 /* Sources */ = {
			isa = PBXSourcesBuildPhase;
			buildActionMask = 2147483647;
			files = (
				55A7537625B6268900B9EAF5 /* AppDelegate.swift in Sources */,
				55A753C025B7957100B9EAF5 /* FourDayForecast.swift in Sources */,
				55A7538F25B627A600B9EAF5 /* Storage.swift in Sources */,
				55A753A425B63D9400B9EAF5 /* CityTableWeather.swift in Sources */,
				55A7539325B6307300B9EAF5 /* CityTableViewCell.swift in Sources */,
				55A7539B25B6382D00B9EAF5 /* NetworkManager.swift in Sources */,
				55A7537825B6268900B9EAF5 /* SceneDelegate.swift in Sources */,
				55A753C325B797DB00B9EAF5 /* DetailedWeatherViewController.swift in Sources */,
				55A7538C25B6273D00B9EAF5 /* CitiesTableViewController.swift in Sources */,
				55A753BB25B7933D00B9EAF5 /* FourDayForecastData.swift in Sources */,
				55A753AB25B6EE2100B9EAF5 /* DataLoadingVC.swift in Sources */,
				55A753A725B63DBE00B9EAF5 /* CurrentWeatherData.swift in Sources */,
				55A7539E25B6384A00B9EAF5 /* Constants.swift in Sources */,
			);
			runOnlyForDeploymentPostprocessing = 0;
		};
/* End PBXSourcesBuildPhase section */

/* Begin PBXVariantGroup section */
		55A7537B25B6268900B9EAF5 /* Main.storyboard */ = {
			isa = PBXVariantGroup;
			children = (
				55A7537C25B6268900B9EAF5 /* Base */,
			);
			name = Main.storyboard;
			sourceTree = "<group>";
		};
		55A7538025B6268C00B9EAF5 /* LaunchScreen.storyboard */ = {
			isa = PBXVariantGroup;
			children = (
				55A7538125B6268C00B9EAF5 /* Base */,
			);
			name = LaunchScreen.storyboard;
			sourceTree = "<group>";
		};
/* End PBXVariantGroup section */

/* Begin XCBuildConfiguration section */
		55A7538425B6268C00B9EAF5 /* Debug */ = {
			isa = XCBuildConfiguration;
			buildSettings = {
				ALWAYS_SEARCH_USER_PATHS = NO;
				CLANG_ANALYZER_NONNULL = YES;
				CLANG_ANALYZER_NUMBER_OBJECT_CONVERSION = YES_AGGRESSIVE;
				CLANG_CXX_LANGUAGE_STANDARD = "gnu++14";
				CLANG_CXX_LIBRARY = "libc++";
				CLANG_ENABLE_MODULES = YES;
				CLANG_ENABLE_OBJC_ARC = YES;
				CLANG_ENABLE_OBJC_WEAK = YES;
				CLANG_WARN_BLOCK_CAPTURE_AUTORELEASING = YES;
				CLANG_WARN_BOOL_CONVERSION = YES;
				CLANG_WARN_COMMA = YES;
				CLANG_WARN_CONSTANT_CONVERSION = YES;
				CLANG_WARN_DEPRECATED_OBJC_IMPLEMENTATIONS = YES;
				CLANG_WARN_DIRECT_OBJC_ISA_USAGE = YES_ERROR;
				CLANG_WARN_DOCUMENTATION_COMMENTS = YES;
				CLANG_WARN_EMPTY_BODY = YES;
				CLANG_WARN_ENUM_CONVERSION = YES;
				CLANG_WARN_INFINITE_RECURSION = YES;
				CLANG_WARN_INT_CONVERSION = YES;
				CLANG_WARN_NON_LITERAL_NULL_CONVERSION = YES;
				CLANG_WARN_OBJC_IMPLICIT_RETAIN_SELF = YES;
				CLANG_WARN_OBJC_LITERAL_CONVERSION = YES;
				CLANG_WARN_OBJC_ROOT_CLASS = YES_ERROR;
				CLANG_WARN_QUOTED_INCLUDE_IN_FRAMEWORK_HEADER = YES;
				CLANG_WARN_RANGE_LOOP_ANALYSIS = YES;
				CLANG_WARN_STRICT_PROTOTYPES = YES;
				CLANG_WARN_SUSPICIOUS_MOVE = YES;
				CLANG_WARN_UNGUARDED_AVAILABILITY = YES_AGGRESSIVE;
				CLANG_WARN_UNREACHABLE_CODE = YES;
				CLANG_WARN__DUPLICATE_METHOD_MATCH = YES;
				COPY_PHASE_STRIP = NO;
				DEBUG_INFORMATION_FORMAT = dwarf;
				ENABLE_STRICT_OBJC_MSGSEND = YES;
				ENABLE_TESTABILITY = YES;
				GCC_C_LANGUAGE_STANDARD = gnu11;
				GCC_DYNAMIC_NO_PIC = NO;
				GCC_NO_COMMON_BLOCKS = YES;
				GCC_OPTIMIZATION_LEVEL = 0;
				GCC_PREPROCESSOR_DEFINITIONS = (
					"DEBUG=1",
					"$(inherited)",
				);
				GCC_WARN_64_TO_32_BIT_CONVERSION = YES;
				GCC_WARN_ABOUT_RETURN_TYPE = YES_ERROR;
				GCC_WARN_UNDECLARED_SELECTOR = YES;
				GCC_WARN_UNINITIALIZED_AUTOS = YES_AGGRESSIVE;
				GCC_WARN_UNUSED_FUNCTION = YES;
				GCC_WARN_UNUSED_VARIABLE = YES;
				IPHONEOS_DEPLOYMENT_TARGET = 14.3;
				MTL_ENABLE_DEBUG_INFO = INCLUDE_SOURCE;
				MTL_FAST_MATH = YES;
				ONLY_ACTIVE_ARCH = YES;
				SDKROOT = iphoneos;
				SWIFT_ACTIVE_COMPILATION_CONDITIONS = DEBUG;
				SWIFT_OPTIMIZATION_LEVEL = "-Onone";
			};
			name = Debug;
		};
		55A7538525B6268C00B9EAF5 /* Release */ = {
			isa = XCBuildConfiguration;
			buildSettings = {
				ALWAYS_SEARCH_USER_PATHS = NO;
				CLANG_ANALYZER_NONNULL = YES;
				CLANG_ANALYZER_NUMBER_OBJECT_CONVERSION = YES_AGGRESSIVE;
				CLANG_CXX_LANGUAGE_STANDARD = "gnu++14";
				CLANG_CXX_LIBRARY = "libc++";
				CLANG_ENABLE_MODULES = YES;
				CLANG_ENABLE_OBJC_ARC = YES;
				CLANG_ENABLE_OBJC_WEAK = YES;
				CLANG_WARN_BLOCK_CAPTURE_AUTORELEASING = YES;
				CLANG_WARN_BOOL_CONVERSION = YES;
				CLANG_WARN_COMMA = YES;
				CLANG_WARN_CONSTANT_CONVERSION = YES;
				CLANG_WARN_DEPRECATED_OBJC_IMPLEMENTATIONS = YES;
				CLANG_WARN_DIRECT_OBJC_ISA_USAGE = YES_ERROR;
				CLANG_WARN_DOCUMENTATION_COMMENTS = YES;
				CLANG_WARN_EMPTY_BODY = YES;
				CLANG_WARN_ENUM_CONVERSION = YES;
				CLANG_WARN_INFINITE_RECURSION = YES;
				CLANG_WARN_INT_CONVERSION = YES;
				CLANG_WARN_NON_LITERAL_NULL_CONVERSION = YES;
				CLANG_WARN_OBJC_IMPLICIT_RETAIN_SELF = YES;
				CLANG_WARN_OBJC_LITERAL_CONVERSION = YES;
				CLANG_WARN_OBJC_ROOT_CLASS = YES_ERROR;
				CLANG_WARN_QUOTED_INCLUDE_IN_FRAMEWORK_HEADER = YES;
				CLANG_WARN_RANGE_LOOP_ANALYSIS = YES;
				CLANG_WARN_STRICT_PROTOTYPES = YES;
				CLANG_WARN_SUSPICIOUS_MOVE = YES;
				CLANG_WARN_UNGUARDED_AVAILABILITY = YES_AGGRESSIVE;
				CLANG_WARN_UNREACHABLE_CODE = YES;
				CLANG_WARN__DUPLICATE_METHOD_MATCH = YES;
				COPY_PHASE_STRIP = NO;
				DEBUG_INFORMATION_FORMAT = "dwarf-with-dsym";
				ENABLE_NS_ASSERTIONS = NO;
				ENABLE_STRICT_OBJC_MSGSEND = YES;
				GCC_C_LANGUAGE_STANDARD = gnu11;
				GCC_NO_COMMON_BLOCKS = YES;
				GCC_WARN_64_TO_32_BIT_CONVERSION = YES;
				GCC_WARN_ABOUT_RETURN_TYPE = YES_ERROR;
				GCC_WARN_UNDECLARED_SELECTOR = YES;
				GCC_WARN_UNINITIALIZED_AUTOS = YES_AGGRESSIVE;
				GCC_WARN_UNUSED_FUNCTION = YES;
				GCC_WARN_UNUSED_VARIABLE = YES;
				IPHONEOS_DEPLOYMENT_TARGET = 14.3;
				MTL_ENABLE_DEBUG_INFO = NO;
				MTL_FAST_MATH = YES;
				SDKROOT = iphoneos;
				SWIFT_COMPILATION_MODE = wholemodule;
				SWIFT_OPTIMIZATION_LEVEL = "-O";
				VALIDATE_PRODUCT = YES;
			};
			name = Release;
		};
		55A7538725B6268C00B9EAF5 /* Debug */ = {
			isa = XCBuildConfiguration;
			buildSettings = {
				ASSETCATALOG_COMPILER_APPICON_NAME = AppIcon;
				ASSETCATALOG_COMPILER_GLOBAL_ACCENT_COLOR_NAME = AccentColor;
				CODE_SIGN_STYLE = Automatic;
				DEVELOPMENT_TEAM = PR72A5T3A8;
				INFOPLIST_FILE = Weather/Info.plist;
				IPHONEOS_DEPLOYMENT_TARGET = 13.0;
				LD_RUNPATH_SEARCH_PATHS = (
					"$(inherited)",
					"@executable_path/Frameworks",
				);
				PRODUCT_BUNDLE_IDENTIFIER = hello.Weather;
				PRODUCT_NAME = "$(TARGET_NAME)";
				SWIFT_VERSION = 5.0;
				TARGETED_DEVICE_FAMILY = 1;
			};
			name = Debug;
		};
		55A7538825B6268C00B9EAF5 /* Release */ = {
			isa = XCBuildConfiguration;
			buildSettings = {
				ASSETCATALOG_COMPILER_APPICON_NAME = AppIcon;
				ASSETCATALOG_COMPILER_GLOBAL_ACCENT_COLOR_NAME = AccentColor;
				CODE_SIGN_STYLE = Automatic;
				DEVELOPMENT_TEAM = PR72A5T3A8;
				INFOPLIST_FILE = Weather/Info.plist;
				IPHONEOS_DEPLOYMENT_TARGET = 13.0;
				LD_RUNPATH_SEARCH_PATHS = (
					"$(inherited)",
					"@executable_path/Frameworks",
				);
				PRODUCT_BUNDLE_IDENTIFIER = hello.Weather;
				PRODUCT_NAME = "$(TARGET_NAME)";
				SWIFT_VERSION = 5.0;
				TARGETED_DEVICE_FAMILY = 1;
			};
			name = Release;
		};
/* End XCBuildConfiguration section */

/* Begin XCConfigurationList section */
		55A7536D25B6268900B9EAF5 /* Build configuration list for PBXProject "Weather" */ = {
			isa = XCConfigurationList;
			buildConfigurations = (
				55A7538425B6268C00B9EAF5 /* Debug */,
				55A7538525B6268C00B9EAF5 /* Release */,
			);
			defaultConfigurationIsVisible = 0;
			defaultConfigurationName = Release;
		};
		55A7538625B6268C00B9EAF5 /* Build configuration list for PBXNativeTarget "Weather" */ = {
			isa = XCConfigurationList;
			buildConfigurations = (
				55A7538725B6268C00B9EAF5 /* Debug */,
				55A7538825B6268C00B9EAF5 /* Release */,
			);
			defaultConfigurationIsVisible = 0;
			defaultConfigurationName = Release;
		};
/* End XCConfigurationList section */
	};
	rootObject = 55A7536A25B6268900B9EAF5 /* Project object */;
}
